
Microsoft Visual Studio Solution File, Format Version 12.00
# Visual Studio Version 16
VisualStudioVersion = 16.0.29311.281
MinimumVisualStudioVersion = 10.0.40219.1
Project("{FAE04EC0-301F-11D3-BF4B-00C04F79EFBC}") = "LogoFX.Client.Mvvm.ViewModel.Services.Platform.UWP", "LogoFX.Client.Mvvm.ViewModel.Services.Platform\uwp\LogoFX.Client.Mvvm.ViewModel.Services.Platform.UWP.csproj", "{8FC658E5-3ACD-4297-907A-BEAFC031865B}"
EndProject
Project("{2150E333-8FDC-42A3-9474-1A3956D46DE8}") = "Extensions", "Extensions", "{4020C2D3-429B-4C64-A0CB-D830DCAB2FCB}"
EndProject
Project("{2150E333-8FDC-42A3-9474-1A3956D46DE8}") = "Services", "Services", "{8D9B8E75-4022-469F-BC09-B7A47E8DBA70}"
EndProject
Project("{2150E333-8FDC-42A3-9474-1A3956D46DE8}") = "Shared", "Shared", "{2680E284-6575-4497-BE0D-24780F67D772}"
EndProject
Project("{FAE04EC0-301F-11D3-BF4B-00C04F79EFBC}") = "LogoFX.Client.Mvvm.ViewModel.Services.Platform.NET", "LogoFX.Client.Mvvm.ViewModel.Services.Platform\net\LogoFX.Client.Mvvm.ViewModel.Services.Platform.NET.csproj", "{EF9F60DB-C87B-448B-A6BD-ACB13DF51C94}"
EndProject
Project("{FAE04EC0-301F-11D3-BF4B-00C04F79EFBC}") = "LogoFX.Client.Mvvm.ViewModel.Extensions.Platform.NET", "LogoFX.Client.Mvvm.ViewModel.Extensions.Platform\net\LogoFX.Client.Mvvm.ViewModel.Extensions.Platform.NET.csproj", "{F7E89E24-85A4-4B72-B726-AF623A039E3D}"
EndProject
Project("{FAE04EC0-301F-11D3-BF4B-00C04F79EFBC}") = "LogoFX.Client.Mvvm.ViewModel.Extensions.Platform.UWP", "LogoFX.Client.Mvvm.ViewModel.Extensions.Platform\uwp\LogoFX.Client.Mvvm.ViewModel.Extensions.Platform.UWP.csproj", "{9FB1A920-4022-45A2-80DC-3C0A42A2C4AB}"
EndProject
Project("{9A19103F-16F7-4668-BE54-9A1E7A4F7556}") = "LogoFX.Client.Mvvm.ViewModel.Shared", "LogoFX.Client.Mvvm.ViewModel.Shared\LogoFX.Client.Mvvm.ViewModel.Shared.csproj", "{87896FEA-3913-4895-ADEB-902CD7B1FEC0}"
EndProject
Project("{9A19103F-16F7-4668-BE54-9A1E7A4F7556}") = "LogoFX.Client.Mvvm.ViewModel.Services", "LogoFX.Client.Mvvm.ViewModel.Services\LogoFX.Client.Mvvm.ViewModel.Services.csproj", "{B26B2D7E-65D1-4831-AA65-175F4317EBC0}"
EndProject
Project("{9A19103F-16F7-4668-BE54-9A1E7A4F7556}") = "LogoFX.Client.Mvvm.ViewModel.Services.Middleware", "LogoFX.Client.Mvvm.ViewModel.Services.Middleware\LogoFX.Client.Mvvm.ViewModel.Services.Middleware.csproj", "{D9B9CD8F-790A-4B79-B388-88763531E91C}"
EndProject
Project("{9A19103F-16F7-4668-BE54-9A1E7A4F7556}") = "LogoFX.Client.Mvvm.ViewModel.Extensions", "LogoFX.Client.Mvvm.ViewModel.Extensions\LogoFX.Client.Mvvm.ViewModel.Extensions.csproj", "{26BD2C57-2730-4D9B-AE7C-341EE5B56A4A}"
EndProject
Project("{FAE04EC0-301F-11D3-BF4B-00C04F79EFBC}") = "LogoFX.Client.Mvvm.ViewModel.Extensions.IntegrationTests", "LogoFX.Client.Mvvm.ViewModel.Extensions.IntegrationTests\LogoFX.Client.Mvvm.ViewModel.Extensions.IntegrationTests.csproj", "{34663F9A-C441-40A6-9322-F754277004A0}"
EndProject
Project("{9A19103F-16F7-4668-BE54-9A1E7A4F7556}") = "LogoFX.Client.Mvvm.ViewModel.Extensions.Tests", "LogoFX.Client.Mvvm.ViewModel.Extensions.Tests\LogoFX.Client.Mvvm.ViewModel.Extensions.Tests.csproj", "{F8BC0BA1-C758-48A8-939C-A745A656228A}"
EndProject
Project("{9A19103F-16F7-4668-BE54-9A1E7A4F7556}") = "LogoFX.Client.Mvvm.ViewModel.Extensions.Platform.NETCore", "LogoFX.Client.Mvvm.ViewModel.Extensions.Platform\netcore\LogoFX.Client.Mvvm.ViewModel.Extensions.Platform.NETCore.csproj", "{8DAF2CB1-CC13-4683-9788-FB1576B00D9C}"
EndProject
Project("{9A19103F-16F7-4668-BE54-9A1E7A4F7556}") = "LogoFX.Client.Mvvm.ViewModel.Services.Platform.NETCore", "LogoFX.Client.Mvvm.ViewModel.Services.Platform\netcore\LogoFX.Client.Mvvm.ViewModel.Services.Platform.NETCore.csproj", "{777538BD-E8D8-4968-89FF-E26B7EC28BDD}"
EndProject
Global
	GlobalSection(SolutionConfigurationPlatforms) = preSolution
		Debug|Any CPU = Debug|Any CPU
		Debug|ARM = Debug|ARM
		Debug|x64 = Debug|x64
		Debug|x86 = Debug|x86
		Release|Any CPU = Release|Any CPU
		Release|ARM = Release|ARM
		Release|x64 = Release|x64
		Release|x86 = Release|x86
	EndGlobalSection
	GlobalSection(ProjectConfigurationPlatforms) = postSolution
		{8FC658E5-3ACD-4297-907A-BEAFC031865B}.Debug|Any CPU.ActiveCfg = Debug|Any CPU
		{8FC658E5-3ACD-4297-907A-BEAFC031865B}.Debug|Any CPU.Build.0 = Debug|Any CPU
		{8FC658E5-3ACD-4297-907A-BEAFC031865B}.Debug|ARM.ActiveCfg = Debug|ARM
		{8FC658E5-3ACD-4297-907A-BEAFC031865B}.Debug|ARM.Build.0 = Debug|ARM
		{8FC658E5-3ACD-4297-907A-BEAFC031865B}.Debug|x64.ActiveCfg = Debug|x64
		{8FC658E5-3ACD-4297-907A-BEAFC031865B}.Debug|x64.Build.0 = Debug|x64
		{8FC658E5-3ACD-4297-907A-BEAFC031865B}.Debug|x86.ActiveCfg = Debug|x86
		{8FC658E5-3ACD-4297-907A-BEAFC031865B}.Debug|x86.Build.0 = Debug|x86
		{8FC658E5-3ACD-4297-907A-BEAFC031865B}.Release|Any CPU.ActiveCfg = Release|Any CPU
		{8FC658E5-3ACD-4297-907A-BEAFC031865B}.Release|Any CPU.Build.0 = Release|Any CPU
		{8FC658E5-3ACD-4297-907A-BEAFC031865B}.Release|ARM.ActiveCfg = Release|ARM
		{8FC658E5-3ACD-4297-907A-BEAFC031865B}.Release|ARM.Build.0 = Release|ARM
		{8FC658E5-3ACD-4297-907A-BEAFC031865B}.Release|x64.ActiveCfg = Release|x64
		{8FC658E5-3ACD-4297-907A-BEAFC031865B}.Release|x64.Build.0 = Release|x64
		{8FC658E5-3ACD-4297-907A-BEAFC031865B}.Release|x86.ActiveCfg = Release|x86
		{8FC658E5-3ACD-4297-907A-BEAFC031865B}.Release|x86.Build.0 = Release|x86
		{EF9F60DB-C87B-448B-A6BD-ACB13DF51C94}.Debug|Any CPU.ActiveCfg = Debug|Any CPU
		{EF9F60DB-C87B-448B-A6BD-ACB13DF51C94}.Debug|Any CPU.Build.0 = Debug|Any CPU
		{EF9F60DB-C87B-448B-A6BD-ACB13DF51C94}.Debug|ARM.ActiveCfg = Debug|Any CPU
		{EF9F60DB-C87B-448B-A6BD-ACB13DF51C94}.Debug|ARM.Build.0 = Debug|Any CPU
		{EF9F60DB-C87B-448B-A6BD-ACB13DF51C94}.Debug|x64.ActiveCfg = Debug|Any CPU
		{EF9F60DB-C87B-448B-A6BD-ACB13DF51C94}.Debug|x64.Build.0 = Debug|Any CPU
		{EF9F60DB-C87B-448B-A6BD-ACB13DF51C94}.Debug|x86.ActiveCfg = Debug|Any CPU
		{EF9F60DB-C87B-448B-A6BD-ACB13DF51C94}.Debug|x86.Build.0 = Debug|Any CPU
		{EF9F60DB-C87B-448B-A6BD-ACB13DF51C94}.Release|Any CPU.ActiveCfg = Release|Any CPU
		{EF9F60DB-C87B-448B-A6BD-ACB13DF51C94}.Release|Any CPU.Build.0 = Release|Any CPU
		{EF9F60DB-C87B-448B-A6BD-ACB13DF51C94}.Release|ARM.ActiveCfg = Release|Any CPU
		{EF9F60DB-C87B-448B-A6BD-ACB13DF51C94}.Release|ARM.Build.0 = Release|Any CPU
		{EF9F60DB-C87B-448B-A6BD-ACB13DF51C94}.Release|x64.ActiveCfg = Release|Any CPU
		{EF9F60DB-C87B-448B-A6BD-ACB13DF51C94}.Release|x64.Build.0 = Release|Any CPU
		{EF9F60DB-C87B-448B-A6BD-ACB13DF51C94}.Release|x86.ActiveCfg = Release|Any CPU
		{EF9F60DB-C87B-448B-A6BD-ACB13DF51C94}.Release|x86.Build.0 = Release|Any CPU
		{F7E89E24-85A4-4B72-B726-AF623A039E3D}.Debug|Any CPU.ActiveCfg = Debug|Any CPU
		{F7E89E24-85A4-4B72-B726-AF623A039E3D}.Debug|Any CPU.Build.0 = Debug|Any CPU
		{F7E89E24-85A4-4B72-B726-AF623A039E3D}.Debug|ARM.ActiveCfg = Debug|Any CPU
		{F7E89E24-85A4-4B72-B726-AF623A039E3D}.Debug|ARM.Build.0 = Debug|Any CPU
		{F7E89E24-85A4-4B72-B726-AF623A039E3D}.Debug|x64.ActiveCfg = Debug|Any CPU
		{F7E89E24-85A4-4B72-B726-AF623A039E3D}.Debug|x64.Build.0 = Debug|Any CPU
		{F7E89E24-85A4-4B72-B726-AF623A039E3D}.Debug|x86.ActiveCfg = Debug|Any CPU
		{F7E89E24-85A4-4B72-B726-AF623A039E3D}.Debug|x86.Build.0 = Debug|Any CPU
		{F7E89E24-85A4-4B72-B726-AF623A039E3D}.Release|Any CPU.ActiveCfg = Release|Any CPU
		{F7E89E24-85A4-4B72-B726-AF623A039E3D}.Release|Any CPU.Build.0 = Release|Any CPU
		{F7E89E24-85A4-4B72-B726-AF623A039E3D}.Release|ARM.ActiveCfg = Release|Any CPU
		{F7E89E24-85A4-4B72-B726-AF623A039E3D}.Release|ARM.Build.0 = Release|Any CPU
		{F7E89E24-85A4-4B72-B726-AF623A039E3D}.Release|x64.ActiveCfg = Release|Any CPU
		{F7E89E24-85A4-4B72-B726-AF623A039E3D}.Release|x64.Build.0 = Release|Any CPU
		{F7E89E24-85A4-4B72-B726-AF623A039E3D}.Release|x86.ActiveCfg = Release|Any CPU
		{F7E89E24-85A4-4B72-B726-AF623A039E3D}.Release|x86.Build.0 = Release|Any CPU
		{9FB1A920-4022-45A2-80DC-3C0A42A2C4AB}.Debug|Any CPU.ActiveCfg = Debug|Any CPU
		{9FB1A920-4022-45A2-80DC-3C0A42A2C4AB}.Debug|Any CPU.Build.0 = Debug|Any CPU
		{9FB1A920-4022-45A2-80DC-3C0A42A2C4AB}.Debug|ARM.ActiveCfg = Debug|ARM
		{9FB1A920-4022-45A2-80DC-3C0A42A2C4AB}.Debug|ARM.Build.0 = Debug|ARM
		{9FB1A920-4022-45A2-80DC-3C0A42A2C4AB}.Debug|x64.ActiveCfg = Debug|x64
		{9FB1A920-4022-45A2-80DC-3C0A42A2C4AB}.Debug|x64.Build.0 = Debug|x64
		{9FB1A920-4022-45A2-80DC-3C0A42A2C4AB}.Debug|x86.ActiveCfg = Debug|x86
		{9FB1A920-4022-45A2-80DC-3C0A42A2C4AB}.Debug|x86.Build.0 = Debug|x86
		{9FB1A920-4022-45A2-80DC-3C0A42A2C4AB}.Release|Any CPU.ActiveCfg = Release|Any CPU
		{9FB1A920-4022-45A2-80DC-3C0A42A2C4AB}.Release|Any CPU.Build.0 = Release|Any CPU
		{9FB1A920-4022-45A2-80DC-3C0A42A2C4AB}.Release|ARM.ActiveCfg = Release|ARM
		{9FB1A920-4022-45A2-80DC-3C0A42A2C4AB}.Release|ARM.Build.0 = Release|ARM
		{9FB1A920-4022-45A2-80DC-3C0A42A2C4AB}.Release|x64.ActiveCfg = Release|x64
		{9FB1A920-4022-45A2-80DC-3C0A42A2C4AB}.Release|x64.Build.0 = Release|x64
		{9FB1A920-4022-45A2-80DC-3C0A42A2C4AB}.Release|x86.ActiveCfg = Release|x86
		{9FB1A920-4022-45A2-80DC-3C0A42A2C4AB}.Release|x86.Build.0 = Release|x86
		{87896FEA-3913-4895-ADEB-902CD7B1FEC0}.Debug|Any CPU.ActiveCfg = Debug|Any CPU
		{87896FEA-3913-4895-ADEB-902CD7B1FEC0}.Debug|Any CPU.Build.0 = Debug|Any CPU
		{87896FEA-3913-4895-ADEB-902CD7B1FEC0}.Debug|ARM.ActiveCfg = Debug|Any CPU
		{87896FEA-3913-4895-ADEB-902CD7B1FEC0}.Debug|ARM.Build.0 = Debug|Any CPU
		{87896FEA-3913-4895-ADEB-902CD7B1FEC0}.Debug|x64.ActiveCfg = Debug|Any CPU
		{87896FEA-3913-4895-ADEB-902CD7B1FEC0}.Debug|x64.Build.0 = Debug|Any CPU
		{87896FEA-3913-4895-ADEB-902CD7B1FEC0}.Debug|x86.ActiveCfg = Debug|Any CPU
		{87896FEA-3913-4895-ADEB-902CD7B1FEC0}.Debug|x86.Build.0 = Debug|Any CPU
		{87896FEA-3913-4895-ADEB-902CD7B1FEC0}.Release|Any CPU.ActiveCfg = Release|Any CPU
		{87896FEA-3913-4895-ADEB-902CD7B1FEC0}.Release|Any CPU.Build.0 = Release|Any CPU
		{87896FEA-3913-4895-ADEB-902CD7B1FEC0}.Release|ARM.ActiveCfg = Release|Any CPU
		{87896FEA-3913-4895-ADEB-902CD7B1FEC0}.Release|ARM.Build.0 = Release|Any CPU
		{87896FEA-3913-4895-ADEB-902CD7B1FEC0}.Release|x64.ActiveCfg = Release|Any CPU
		{87896FEA-3913-4895-ADEB-902CD7B1FEC0}.Release|x64.Build.0 = Release|Any CPU
		{87896FEA-3913-4895-ADEB-902CD7B1FEC0}.Release|x86.ActiveCfg = Release|Any CPU
		{87896FEA-3913-4895-ADEB-902CD7B1FEC0}.Release|x86.Build.0 = Release|Any CPU
		{B26B2D7E-65D1-4831-AA65-175F4317EBC0}.Debug|Any CPU.ActiveCfg = Debug|Any CPU
		{B26B2D7E-65D1-4831-AA65-175F4317EBC0}.Debug|Any CPU.Build.0 = Debug|Any CPU
		{B26B2D7E-65D1-4831-AA65-175F4317EBC0}.Debug|ARM.ActiveCfg = Debug|Any CPU
		{B26B2D7E-65D1-4831-AA65-175F4317EBC0}.Debug|ARM.Build.0 = Debug|Any CPU
		{B26B2D7E-65D1-4831-AA65-175F4317EBC0}.Debug|x64.ActiveCfg = Debug|Any CPU
		{B26B2D7E-65D1-4831-AA65-175F4317EBC0}.Debug|x64.Build.0 = Debug|Any CPU
		{B26B2D7E-65D1-4831-AA65-175F4317EBC0}.Debug|x86.ActiveCfg = Debug|Any CPU
		{B26B2D7E-65D1-4831-AA65-175F4317EBC0}.Debug|x86.Build.0 = Debug|Any CPU
		{B26B2D7E-65D1-4831-AA65-175F4317EBC0}.Release|Any CPU.ActiveCfg = Release|Any CPU
		{B26B2D7E-65D1-4831-AA65-175F4317EBC0}.Release|Any CPU.Build.0 = Release|Any CPU
		{B26B2D7E-65D1-4831-AA65-175F4317EBC0}.Release|ARM.ActiveCfg = Release|Any CPU
		{B26B2D7E-65D1-4831-AA65-175F4317EBC0}.Release|ARM.Build.0 = Release|Any CPU
		{B26B2D7E-65D1-4831-AA65-175F4317EBC0}.Release|x64.ActiveCfg = Release|Any CPU
		{B26B2D7E-65D1-4831-AA65-175F4317EBC0}.Release|x64.Build.0 = Release|Any CPU
		{B26B2D7E-65D1-4831-AA65-175F4317EBC0}.Release|x86.ActiveCfg = Release|Any CPU
		{B26B2D7E-65D1-4831-AA65-175F4317EBC0}.Release|x86.Build.0 = Release|Any CPU
		{D9B9CD8F-790A-4B79-B388-88763531E91C}.Debug|Any CPU.ActiveCfg = Debug|Any CPU
		{D9B9CD8F-790A-4B79-B388-88763531E91C}.Debug|Any CPU.Build.0 = Debug|Any CPU
		{D9B9CD8F-790A-4B79-B388-88763531E91C}.Debug|ARM.ActiveCfg = Debug|Any CPU
		{D9B9CD8F-790A-4B79-B388-88763531E91C}.Debug|ARM.Build.0 = Debug|Any CPU
		{D9B9CD8F-790A-4B79-B388-88763531E91C}.Debug|x64.ActiveCfg = Debug|Any CPU
		{D9B9CD8F-790A-4B79-B388-88763531E91C}.Debug|x64.Build.0 = Debug|Any CPU
		{D9B9CD8F-790A-4B79-B388-88763531E91C}.Debug|x86.ActiveCfg = Debug|Any CPU
		{D9B9CD8F-790A-4B79-B388-88763531E91C}.Debug|x86.Build.0 = Debug|Any CPU
		{D9B9CD8F-790A-4B79-B388-88763531E91C}.Release|Any CPU.ActiveCfg = Release|Any CPU
		{D9B9CD8F-790A-4B79-B388-88763531E91C}.Release|Any CPU.Build.0 = Release|Any CPU
		{D9B9CD8F-790A-4B79-B388-88763531E91C}.Release|ARM.ActiveCfg = Release|Any CPU
		{D9B9CD8F-790A-4B79-B388-88763531E91C}.Release|ARM.Build.0 = Release|Any CPU
		{D9B9CD8F-790A-4B79-B388-88763531E91C}.Release|x64.ActiveCfg = Release|Any CPU
		{D9B9CD8F-790A-4B79-B388-88763531E91C}.Release|x64.Build.0 = Release|Any CPU
		{D9B9CD8F-790A-4B79-B388-88763531E91C}.Release|x86.ActiveCfg = Release|Any CPU
		{D9B9CD8F-790A-4B79-B388-88763531E91C}.Release|x86.Build.0 = Release|Any CPU
		{26BD2C57-2730-4D9B-AE7C-341EE5B56A4A}.Debug|Any CPU.ActiveCfg = Debug|Any CPU
		{26BD2C57-2730-4D9B-AE7C-341EE5B56A4A}.Debug|Any CPU.Build.0 = Debug|Any CPU
		{26BD2C57-2730-4D9B-AE7C-341EE5B56A4A}.Debug|ARM.ActiveCfg = Debug|Any CPU
		{26BD2C57-2730-4D9B-AE7C-341EE5B56A4A}.Debug|ARM.Build.0 = Debug|Any CPU
		{26BD2C57-2730-4D9B-AE7C-341EE5B56A4A}.Debug|x64.ActiveCfg = Debug|Any CPU
		{26BD2C57-2730-4D9B-AE7C-341EE5B56A4A}.Debug|x64.Build.0 = Debug|Any CPU
		{26BD2C57-2730-4D9B-AE7C-341EE5B56A4A}.Debug|x86.ActiveCfg = Debug|Any CPU
		{26BD2C57-2730-4D9B-AE7C-341EE5B56A4A}.Debug|x86.Build.0 = Debug|Any CPU
		{26BD2C57-2730-4D9B-AE7C-341EE5B56A4A}.Release|Any CPU.ActiveCfg = Release|Any CPU
		{26BD2C57-2730-4D9B-AE7C-341EE5B56A4A}.Release|Any CPU.Build.0 = Release|Any CPU
		{26BD2C57-2730-4D9B-AE7C-341EE5B56A4A}.Release|ARM.ActiveCfg = Release|Any CPU
		{26BD2C57-2730-4D9B-AE7C-341EE5B56A4A}.Release|ARM.Build.0 = Release|Any CPU
		{26BD2C57-2730-4D9B-AE7C-341EE5B56A4A}.Release|x64.ActiveCfg = Release|Any CPU
		{26BD2C57-2730-4D9B-AE7C-341EE5B56A4A}.Release|x64.Build.0 = Release|Any CPU
		{26BD2C57-2730-4D9B-AE7C-341EE5B56A4A}.Release|x86.ActiveCfg = Release|Any CPU
		{26BD2C57-2730-4D9B-AE7C-341EE5B56A4A}.Release|x86.Build.0 = Release|Any CPU
		{34663F9A-C441-40A6-9322-F754277004A0}.Debug|Any CPU.ActiveCfg = Debug|Any CPU
		{34663F9A-C441-40A6-9322-F754277004A0}.Debug|Any CPU.Build.0 = Debug|Any CPU
		{34663F9A-C441-40A6-9322-F754277004A0}.Debug|ARM.ActiveCfg = Debug|Any CPU
		{34663F9A-C441-40A6-9322-F754277004A0}.Debug|ARM.Build.0 = Debug|Any CPU
		{34663F9A-C441-40A6-9322-F754277004A0}.Debug|x64.ActiveCfg = Debug|Any CPU
		{34663F9A-C441-40A6-9322-F754277004A0}.Debug|x64.Build.0 = Debug|Any CPU
		{34663F9A-C441-40A6-9322-F754277004A0}.Debug|x86.ActiveCfg = Debug|Any CPU
		{34663F9A-C441-40A6-9322-F754277004A0}.Debug|x86.Build.0 = Debug|Any CPU
		{34663F9A-C441-40A6-9322-F754277004A0}.Release|Any CPU.ActiveCfg = Release|Any CPU
		{34663F9A-C441-40A6-9322-F754277004A0}.Release|Any CPU.Build.0 = Release|Any CPU
		{34663F9A-C441-40A6-9322-F754277004A0}.Release|ARM.ActiveCfg = Release|Any CPU
		{34663F9A-C441-40A6-9322-F754277004A0}.Release|ARM.Build.0 = Release|Any CPU
		{34663F9A-C441-40A6-9322-F754277004A0}.Release|x64.ActiveCfg = Release|Any CPU
		{34663F9A-C441-40A6-9322-F754277004A0}.Release|x64.Build.0 = Release|Any CPU
		{34663F9A-C441-40A6-9322-F754277004A0}.Release|x86.ActiveCfg = Release|Any CPU
		{34663F9A-C441-40A6-9322-F754277004A0}.Release|x86.Build.0 = Release|Any CPU
		{F8BC0BA1-C758-48A8-939C-A745A656228A}.Debug|Any CPU.ActiveCfg = Debug|Any CPU
		{F8BC0BA1-C758-48A8-939C-A745A656228A}.Debug|Any CPU.Build.0 = Debug|Any CPU
		{F8BC0BA1-C758-48A8-939C-A745A656228A}.Debug|ARM.ActiveCfg = Debug|Any CPU
		{F8BC0BA1-C758-48A8-939C-A745A656228A}.Debug|ARM.Build.0 = Debug|Any CPU
		{F8BC0BA1-C758-48A8-939C-A745A656228A}.Debug|x64.ActiveCfg = Debug|Any CPU
		{F8BC0BA1-C758-48A8-939C-A745A656228A}.Debug|x64.Build.0 = Debug|Any CPU
		{F8BC0BA1-C758-48A8-939C-A745A656228A}.Debug|x86.ActiveCfg = Debug|Any CPU
		{F8BC0BA1-C758-48A8-939C-A745A656228A}.Debug|x86.Build.0 = Debug|Any CPU
		{F8BC0BA1-C758-48A8-939C-A745A656228A}.Release|Any CPU.ActiveCfg = Release|Any CPU
		{F8BC0BA1-C758-48A8-939C-A745A656228A}.Release|Any CPU.Build.0 = Release|Any CPU
		{F8BC0BA1-C758-48A8-939C-A745A656228A}.Release|ARM.ActiveCfg = Release|Any CPU
		{F8BC0BA1-C758-48A8-939C-A745A656228A}.Release|ARM.Build.0 = Release|Any CPU
		{F8BC0BA1-C758-48A8-939C-A745A656228A}.Release|x64.ActiveCfg = Release|Any CPU
		{F8BC0BA1-C758-48A8-939C-A745A656228A}.Release|x64.Build.0 = Release|Any CPU
		{F8BC0BA1-C758-48A8-939C-A745A656228A}.Release|x86.ActiveCfg = Release|Any CPU
		{F8BC0BA1-C758-48A8-939C-A745A656228A}.Release|x86.Build.0 = Release|Any CPU
		{8DAF2CB1-CC13-4683-9788-FB1576B00D9C}.Debug|Any CPU.ActiveCfg = Debug|Any CPU
		{8DAF2CB1-CC13-4683-9788-FB1576B00D9C}.Debug|Any CPU.Build.0 = Debug|Any CPU
		{8DAF2CB1-CC13-4683-9788-FB1576B00D9C}.Debug|ARM.ActiveCfg = Debug|Any CPU
		{8DAF2CB1-CC13-4683-9788-FB1576B00D9C}.Debug|ARM.Build.0 = Debug|Any CPU
		{8DAF2CB1-CC13-4683-9788-FB1576B00D9C}.Debug|x64.ActiveCfg = Debug|Any CPU
		{8DAF2CB1-CC13-4683-9788-FB1576B00D9C}.Debug|x64.Build.0 = Debug|Any CPU
		{8DAF2CB1-CC13-4683-9788-FB1576B00D9C}.Debug|x86.ActiveCfg = Debug|Any CPU
		{8DAF2CB1-CC13-4683-9788-FB1576B00D9C}.Debug|x86.Build.0 = Debug|Any CPU
		{8DAF2CB1-CC13-4683-9788-FB1576B00D9C}.Release|Any CPU.ActiveCfg = Release|Any CPU
		{8DAF2CB1-CC13-4683-9788-FB1576B00D9C}.Release|Any CPU.Build.0 = Release|Any CPU
		{8DAF2CB1-CC13-4683-9788-FB1576B00D9C}.Release|ARM.ActiveCfg = Release|Any CPU
		{8DAF2CB1-CC13-4683-9788-FB1576B00D9C}.Release|ARM.Build.0 = Release|Any CPU
		{8DAF2CB1-CC13-4683-9788-FB1576B00D9C}.Release|x64.ActiveCfg = Release|Any CPU
		{8DAF2CB1-CC13-4683-9788-FB1576B00D9C}.Release|x64.Build.0 = Release|Any CPU
		{8DAF2CB1-CC13-4683-9788-FB1576B00D9C}.Release|x86.ActiveCfg = Release|Any CPU
		{8DAF2CB1-CC13-4683-9788-FB1576B00D9C}.Release|x86.Build.0 = Release|Any CPU
		{777538BD-E8D8-4968-89FF-E26B7EC28BDD}.Debug|Any CPU.ActiveCfg = Debug|Any CPU
		{777538BD-E8D8-4968-89FF-E26B7EC28BDD}.Debug|Any CPU.Build.0 = Debug|Any CPU
		{777538BD-E8D8-4968-89FF-E26B7EC28BDD}.Debug|ARM.ActiveCfg = Debug|Any CPU
		{777538BD-E8D8-4968-89FF-E26B7EC28BDD}.Debug|ARM.Build.0 = Debug|Any CPU
		{777538BD-E8D8-4968-89FF-E26B7EC28BDD}.Debug|x64.ActiveCfg = Debug|Any CPU
		{777538BD-E8D8-4968-89FF-E26B7EC28BDD}.Debug|x64.Build.0 = Debug|Any CPU
		{777538BD-E8D8-4968-89FF-E26B7EC28BDD}.Debug|x86.ActiveCfg = Debug|Any CPU
		{777538BD-E8D8-4968-89FF-E26B7EC28BDD}.Debug|x86.Build.0 = Debug|Any CPU
		{777538BD-E8D8-4968-89FF-E26B7EC28BDD}.Release|Any CPU.ActiveCfg = Release|Any CPU
		{777538BD-E8D8-4968-89FF-E26B7EC28BDD}.Release|Any CPU.Build.0 = Release|Any CPU
		{777538BD-E8D8-4968-89FF-E26B7EC28BDD}.Release|ARM.ActiveCfg = Release|Any CPU
		{777538BD-E8D8-4968-89FF-E26B7EC28BDD}.Release|ARM.Build.0 = Release|Any CPU
		{777538BD-E8D8-4968-89FF-E26B7EC28BDD}.Release|x64.ActiveCfg = Release|Any CPU
		{777538BD-E8D8-4968-89FF-E26B7EC28BDD}.Release|x64.Build.0 = Release|Any CPU
		{777538BD-E8D8-4968-89FF-E26B7EC28BDD}.Release|x86.ActiveCfg = Release|Any CPU
		{777538BD-E8D8-4968-89FF-E26B7EC28BDD}.Release|x86.Build.0 = Release|Any CPU
	EndGlobalSection
	GlobalSection(SolutionProperties) = preSolution
		HideSolutionNode = FALSE
	EndGlobalSection
	GlobalSection(NestedProjects) = preSolution
		{8FC658E5-3ACD-4297-907A-BEAFC031865B} = {8D9B8E75-4022-469F-BC09-B7A47E8DBA70}
		{EF9F60DB-C87B-448B-A6BD-ACB13DF51C94} = {8D9B8E75-4022-469F-BC09-B7A47E8DBA70}
		{F7E89E24-85A4-4B72-B726-AF623A039E3D} = {4020C2D3-429B-4C64-A0CB-D830DCAB2FCB}
		{9FB1A920-4022-45A2-80DC-3C0A42A2C4AB} = {4020C2D3-429B-4C64-A0CB-D830DCAB2FCB}
		{87896FEA-3913-4895-ADEB-902CD7B1FEC0} = {2680E284-6575-4497-BE0D-24780F67D772}
		{B26B2D7E-65D1-4831-AA65-175F4317EBC0} = {8D9B8E75-4022-469F-BC09-B7A47E8DBA70}
		{D9B9CD8F-790A-4B79-B388-88763531E91C} = {8D9B8E75-4022-469F-BC09-B7A47E8DBA70}
		{26BD2C57-2730-4D9B-AE7C-341EE5B56A4A} = {4020C2D3-429B-4C64-A0CB-D830DCAB2FCB}
		{34663F9A-C441-40A6-9322-F754277004A0} = {4020C2D3-429B-4C64-A0CB-D830DCAB2FCB}
		{F8BC0BA1-C758-48A8-939C-A745A656228A} = {4020C2D3-429B-4C64-A0CB-D830DCAB2FCB}
		{8DAF2CB1-CC13-4683-9788-FB1576B00D9C} = {4020C2D3-429B-4C64-A0CB-D830DCAB2FCB}
		{777538BD-E8D8-4968-89FF-E26B7EC28BDD} = {8D9B8E75-4022-469F-BC09-B7A47E8DBA70}
	EndGlobalSection
	GlobalSection(ExtensibilityGlobals) = postSolution
		SolutionGuid = {235788DA-BB0A-4980-B70A-8DF3CC671806}
	EndGlobalSection
EndGlobal
